{"1.1.0",
[{<<"gleam_stdlib">>,{pkg,<<"gleam_stdlib">>,<<"0.7.0">>},0},
 {<<"tomerl">>,{pkg,<<"tomerl">>,<<"0.4.0">>},0}]}.
[
{pkg_hash,[
 {<<"gleam_stdlib">>, <<"B641FCB5AD56CBD9CDB773C8547BEBA7CA16E85F31AAF9F3FE0F8AFD68AD0DF5">>},
 {<<"tomerl">>, <<"279393D94115F7944688B3CFEE8BD97AF7D1606AC40472D4DC2DA2EB376C9311">>}]}
].
